
Microsoft Visual Studio Solution File, Format Version 12.00
# Visual Studio Version 17
VisualStudioVersion = 17.14.36623.8 d17.14
MinimumVisualStudioVersion = 10.0.40219.1
Project("{FAE04EC0-301F-11D3-BF4B-00C04F79EFBC}") = "StarWarsCore", "StarWarsCore\StarWarsCore.csproj", "{6C7FE4EE-238E-4AFC-804B-2C2BBC9920B3}"
EndProject
Global
	GlobalSection(SolutionConfigurationPlatforms) = preSolution
		Debug|Any CPU = Debug|Any CPU
		Release|Any CPU = Release|Any CPU
	EndGlobalSection
	GlobalSection(ProjectConfigurationPlatforms) = postSolution
		{6C7FE4EE-238E-4AFC-804B-2C2BBC9920B3}.Debug|Any CPU.ActiveCfg = Debug|Any CPU
		{6C7FE4EE-238E-4AFC-804B-2C2BBC9920B3}.Debug|Any CPU.Build.0 = Debug|Any CPU
		{6C7FE4EE-238E-4AFC-804B-2C2BBC9920B3}.Release|Any CPU.ActiveCfg = Release|Any CPU
		{6C7FE4EE-238E-4AFC-804B-2C2BBC9920B3}.Release|Any CPU.Build.0 = Release|Any CPU
	EndGlobalSection
	GlobalSection(SolutionProperties) = preSolution
		HideSolutionNode = FALSE
	EndGlobalSection
	GlobalSection(ExtensibilityGlobals) = postSolution
		SolutionGuid = {A6751AC7-7FF1-46C3-AF78-6AAE280FF2ED}
	EndGlobalSection
EndGlobal
